
Microsoft Visual Studio Solution File, Format Version 12.00
# Visual Studio Version 17
VisualStudioVersion = 17.13.35913.81 d17.13
MinimumVisualStudioVersion = 10.0.40219.1
Project("{FAE04EC0-301F-11D3-BF4B-00C04F79EFBC}") = "BayanihanOnline", "BayanihanOnline.csproj", "{8B53E4A0-67E1-40DA-9901-98E6BD4ABF94}"
EndProject
Global
	GlobalSection(SolutionConfigurationPlatforms) = preSolution
		Debug|Any CPU = Debug|Any CPU
		Release|Any CPU = Release|Any CPU
	EndGlobalSection
	GlobalSection(ProjectConfigurationPlatforms) = postSolution
		{8B53E4A0-67E1-40DA-9901-98E6BD4ABF94}.Debug|Any CPU.ActiveCfg = Debug|Any CPU
		{8B53E4A0-67E1-40DA-9901-98E6BD4ABF94}.Debug|Any CPU.Build.0 = Debug|Any CPU
		{8B53E4A0-67E1-40DA-9901-98E6BD4ABF94}.Release|Any CPU.ActiveCfg = Release|Any CPU
		{8B53E4A0-67E1-40DA-9901-98E6BD4ABF94}.Release|Any CPU.Build.0 = Release|Any CPU
	EndGlobalSection
	GlobalSection(SolutionProperties) = preSolution
		HideSolutionNode = FALSE
	EndGlobalSection
	GlobalSection(ExtensibilityGlobals) = postSolution
		SolutionGuid = {DF82FF26-9B09-47BE-A222-5017626B8553}
	EndGlobalSection
EndGlobal
